// !$*UTF8*$!
{
	archiveVersion = 1;
	classes = {
	};
	objectVersion = 46;
	objects = {

/* Begin PBXBuildFile section */
		1D04480C1B2682FE00B529BF /* DDPoint+MKAnnotation.m in Sources */ = {isa = PBXBuildFile; fileRef = 1D04480B1B2682FE00B529BF /* DDPoint+MKAnnotation.m */; };
		1D0DAE131B026D2F007E0A83 /* main.m in Sources */ = {isa = PBXBuildFile; fileRef = 1D0DAE121B026D2F007E0A83 /* main.m */; };
		1D0DAE161B026D2F007E0A83 /* AppDelegate.m in Sources */ = {isa = PBXBuildFile; fileRef = 1D0DAE151B026D2F007E0A83 /* AppDelegate.m */; };
		1D0DAE1C1B026D2F007E0A83 /* Main.storyboard in Resources */ = {isa = PBXBuildFile; fileRef = 1D0DAE1A1B026D2F007E0A83 /* Main.storyboard */; };
		1D0DAE1E1B026D2F007E0A83 /* Images.xcassets in Resources */ = {isa = PBXBuildFile; fileRef = 1D0DAE1D1B026D2F007E0A83 /* Images.xcassets */; };
		1D0DAE211B026D2F007E0A83 /* LaunchScreen.xib in Resources */ = {isa = PBXBuildFile; fileRef = 1D0DAE1F1B026D2F007E0A83 /* LaunchScreen.xib */; };
		1D0DAE2D1B026D2F007E0A83 /* MapLessonTests.m in Sources */ = {isa = PBXBuildFile; fileRef = 1D0DAE2C1B026D2F007E0A83 /* MapLessonTests.m */; };
		1D1686DC1B05B6ED0017A78A /* PointTableViewCell.m in Sources */ = {isa = PBXBuildFile; fileRef = 1D1686DB1B05B6ED0017A78A /* PointTableViewCell.m */; };
		1D1686E51B07E68D0017A78A /* DDPointList.m in Sources */ = {isa = PBXBuildFile; fileRef = 1D1686E41B07E68D0017A78A /* DDPointList.m */; };
		1D1686E91B08046A0017A78A /* ListViewController.m in Sources */ = {isa = PBXBuildFile; fileRef = 1D1686E81B08046A0017A78A /* ListViewController.m */; };
		1D1686EC1B0826A40017A78A /* MapViewController.m in Sources */ = {isa = PBXBuildFile; fileRef = 1D1686EB1B0826A40017A78A /* MapViewController.m */; };
		1D24707A1B28A580007B336A /* DDCalloutView.m in Sources */ = {isa = PBXBuildFile; fileRef = 1D2470791B28A580007B336A /* DDCalloutView.m */; };
		1DFC99831B225B7B0049DE08 /* CoreDataHelper.m in Sources */ = {isa = PBXBuildFile; fileRef = 1DFC99821B225B7B0049DE08 /* CoreDataHelper.m */; };
		1DFC99871B225BBA0049DE08 /* Model.xcdatamodeld in Sources */ = {isa = PBXBuildFile; fileRef = 1DFC99851B225BBA0049DE08 /* Model.xcdatamodeld */; };
		1DFC99961B22630C0049DE08 /* DDPoint.m in Sources */ = {isa = PBXBuildFile; fileRef = 1DFC99951B22630C0049DE08 /* DDPoint.m */; };
/* End PBXBuildFile section */

/* Begin PBXContainerItemProxy section */
		1D0DAE271B026D2F007E0A83 /* PBXContainerItemProxy */ = {
			isa = PBXContainerItemProxy;
			containerPortal = 1D0DAE051B026D2F007E0A83 /* Project object */;
			proxyType = 1;
			remoteGlobalIDString = 1D0DAE0C1B026D2F007E0A83;
			remoteInfo = MapLesson;
		};
/* End PBXContainerItemProxy section */

/* Begin PBXFileReference section */
		1D04480A1B2682FE00B529BF /* DDPoint+MKAnnotation.h */ = {isa = PBXFileReference; fileEncoding = 4; lastKnownFileType = sourcecode.c.h; path = "DDPoint+MKAnnotation.h"; sourceTree = "<group>"; };
		1D04480B1B2682FE00B529BF /* DDPoint+MKAnnotation.m */ = {isa = PBXFileReference; fileEncoding = 4; lastKnownFileType = sourcecode.c.objc; path = "DDPoint+MKAnnotation.m"; sourceTree = "<group>"; };
		1D0DAE0D1B026D2F007E0A83 /* MapLesson.app */ = {isa = PBXFileReference; explicitFileType = wrapper.application; includeInIndex = 0; path = MapLesson.app; sourceTree = BUILT_PRODUCTS_DIR; };
		1D0DAE111B026D2F007E0A83 /* Info.plist */ = {isa = PBXFileReference; lastKnownFileType = text.plist.xml; path = Info.plist; sourceTree = "<group>"; };
		1D0DAE121B026D2F007E0A83 /* main.m */ = {isa = PBXFileReference; lastKnownFileType = sourcecode.c.objc; path = main.m; sourceTree = "<group>"; };
		1D0DAE141B026D2F007E0A83 /* AppDelegate.h */ = {isa = PBXFileReference; lastKnownFileType = sourcecode.c.h; path = AppDelegate.h; sourceTree = "<group>"; };
		1D0DAE151B026D2F007E0A83 /* AppDelegate.m */ = {isa = PBXFileReference; lastKnownFileType = sourcecode.c.objc; path = AppDelegate.m; sourceTree = "<group>"; };
		1D0DAE171B026D2F007E0A83 /* MapViewController.h */ = {isa = PBXFileReference; lastKnownFileType = sourcecode.c.h; path = MapViewController.h; sourceTree = "<group>"; };
		1D0DAE1B1B026D2F007E0A83 /* Base */ = {isa = PBXFileReference; lastKnownFileType = file.storyboard; name = Base; path = Base.lproj/Main.storyboard; sourceTree = "<group>"; };
		1D0DAE1D1B026D2F007E0A83 /* Images.xcassets */ = {isa = PBXFileReference; lastKnownFileType = folder.assetcatalog; path = Images.xcassets; sourceTree = "<group>"; };
		1D0DAE201B026D2F007E0A83 /* Base */ = {isa = PBXFileReference; lastKnownFileType = file.xib; name = Base; path = Base.lproj/LaunchScreen.xib; sourceTree = "<group>"; };
		1D0DAE261B026D2F007E0A83 /* MapLessonTests.xctest */ = {isa = PBXFileReference; explicitFileType = wrapper.cfbundle; includeInIndex = 0; path = MapLessonTests.xctest; sourceTree = BUILT_PRODUCTS_DIR; };
		1D0DAE2B1B026D2F007E0A83 /* Info.plist */ = {isa = PBXFileReference; lastKnownFileType = text.plist.xml; path = Info.plist; sourceTree = "<group>"; };
		1D0DAE2C1B026D2F007E0A83 /* MapLessonTests.m */ = {isa = PBXFileReference; lastKnownFileType = sourcecode.c.objc; path = MapLessonTests.m; sourceTree = "<group>"; };
		1D1686DA1B05B6ED0017A78A /* PointTableViewCell.h */ = {isa = PBXFileReference; fileEncoding = 4; lastKnownFileType = sourcecode.c.h; path = PointTableViewCell.h; sourceTree = "<group>"; };
		1D1686DB1B05B6ED0017A78A /* PointTableViewCell.m */ = {isa = PBXFileReference; fileEncoding = 4; lastKnownFileType = sourcecode.c.objc; path = PointTableViewCell.m; sourceTree = "<group>"; };
		1D1686DD1B05E4050017A78A /* AppConstants.h */ = {isa = PBXFileReference; lastKnownFileType = sourcecode.c.h; path = AppConstants.h; sourceTree = "<group>"; };
		1D1686E31B07E68D0017A78A /* DDPointList.h */ = {isa = PBXFileReference; fileEncoding = 4; lastKnownFileType = sourcecode.c.h; path = DDPointList.h; sourceTree = "<group>"; };
		1D1686E41B07E68D0017A78A /* DDPointList.m */ = {isa = PBXFileReference; fileEncoding = 4; lastKnownFileType = sourcecode.c.objc; path = DDPointList.m; sourceTree = "<group>"; };
		1D1686E71B08046A0017A78A /* ListViewController.h */ = {isa = PBXFileReference; fileEncoding = 4; lastKnownFileType = sourcecode.c.h; path = ListViewController.h; sourceTree = "<group>"; };
		1D1686E81B08046A0017A78A /* ListViewController.m */ = {isa = PBXFileReference; fileEncoding = 4; lastKnownFileType = sourcecode.c.objc; path = ListViewController.m; sourceTree = "<group>"; };
		1D1686EB1B0826A40017A78A /* MapViewController.m */ = {isa = PBXFileReference; fileEncoding = 4; lastKnownFileType = sourcecode.c.objc; path = MapViewController.m; sourceTree = "<group>"; };
		1D2470781B28A580007B336A /* DDCalloutView.h */ = {isa = PBXFileReference; fileEncoding = 4; lastKnownFileType = sourcecode.c.h; path = DDCalloutView.h; sourceTree = "<group>"; };
		1D2470791B28A580007B336A /* DDCalloutView.m */ = {isa = PBXFileReference; fileEncoding = 4; lastKnownFileType = sourcecode.c.objc; path = DDCalloutView.m; sourceTree = "<group>"; };
		1DFC99811B225B7B0049DE08 /* CoreDataHelper.h */ = {isa = PBXFileReference; fileEncoding = 4; lastKnownFileType = sourcecode.c.h; path = CoreDataHelper.h; sourceTree = "<group>"; };
		1DFC99821B225B7B0049DE08 /* CoreDataHelper.m */ = {isa = PBXFileReference; fileEncoding = 4; lastKnownFileType = sourcecode.c.objc; path = CoreDataHelper.m; sourceTree = "<group>"; };
		1DFC99861B225BBA0049DE08 /* Model.xcdatamodel */ = {isa = PBXFileReference; lastKnownFileType = wrapper.xcdatamodel; path = Model.xcdatamodel; sourceTree = "<group>"; };
		1DFC99941B22630C0049DE08 /* DDPoint.h */ = {isa = PBXFileReference; fileEncoding = 4; lastKnownFileType = sourcecode.c.h; path = DDPoint.h; sourceTree = "<group>"; };
		1DFC99951B22630C0049DE08 /* DDPoint.m */ = {isa = PBXFileReference; fileEncoding = 4; lastKnownFileType = sourcecode.c.objc; path = DDPoint.m; sourceTree = "<group>"; };
/* End PBXFileReference section */

/* Begin PBXFrameworksBuildPhase section */
		1D0DAE0A1B026D2F007E0A83 /* Frameworks */ = {
			isa = PBXFrameworksBuildPhase;
			buildActionMask = 2147483647;
			files = (
			);
			runOnlyForDeploymentPostprocessing = 0;
		};
		1D0DAE231B026D2F007E0A83 /* Frameworks */ = {
			isa = PBXFrameworksBuildPhase;
			buildActionMask = 2147483647;
			files = (
			);
			runOnlyForDeploymentPostprocessing = 0;
		};
/* End PBXFrameworksBuildPhase section */

/* Begin PBXGroup section */
		1D0DAE041B026D2F007E0A83 = {
			isa = PBXGroup;
			children = (
				1D0DAE0F1B026D2F007E0A83 /* MapLesson */,
				1D0DAE291B026D2F007E0A83 /* MapLessonTests */,
				1D0DAE0E1B026D2F007E0A83 /* Products */,
			);
			sourceTree = "<group>";
		};
		1D0DAE0E1B026D2F007E0A83 /* Products */ = {
			isa = PBXGroup;
			children = (
				1D0DAE0D1B026D2F007E0A83 /* MapLesson.app */,
				1D0DAE261B026D2F007E0A83 /* MapLessonTests.xctest */,
			);
			name = Products;
			sourceTree = "<group>";
		};
		1D0DAE0F1B026D2F007E0A83 /* MapLesson */ = {
			isa = PBXGroup;
			children = (
				1D1686DD1B05E4050017A78A /* AppConstants.h */,
				1D0DAE141B026D2F007E0A83 /* AppDelegate.h */,
				1D0DAE151B026D2F007E0A83 /* AppDelegate.m */,
				1DFC99841B225B7F0049DE08 /* CoreDataHelper */,
				1D1686E61B07E6920017A78A /* Model */,
				1D1686DE1B05E48E0017A78A /* MapViewController */,
				1D1686EA1B0804760017A78A /* ListViewController */,
				1D0DAE1A1B026D2F007E0A83 /* Main.storyboard */,
				1D0DAE1D1B026D2F007E0A83 /* Images.xcassets */,
				1DFC99851B225BBA0049DE08 /* Model.xcdatamodeld */,
				1D0DAE101B026D2F007E0A83 /* Supporting Files */,
			);
			path = MapLesson;
			sourceTree = "<group>";
		};
		1D0DAE101B026D2F007E0A83 /* Supporting Files */ = {
			isa = PBXGroup;
			children = (
				1D0DAE1F1B026D2F007E0A83 /* LaunchScreen.xib */,
				1D0DAE111B026D2F007E0A83 /* Info.plist */,
				1D0DAE121B026D2F007E0A83 /* main.m */,
			);
			name = "Supporting Files";
			sourceTree = "<group>";
		};
		1D0DAE291B026D2F007E0A83 /* MapLessonTests */ = {
			isa = PBXGroup;
			children = (
				1D0DAE2C1B026D2F007E0A83 /* MapLessonTests.m */,
				1D0DAE2A1B026D2F007E0A83 /* Supporting Files */,
			);
			path = MapLessonTests;
			sourceTree = "<group>";
		};
		1D0DAE2A1B026D2F007E0A83 /* Supporting Files */ = {
			isa = PBXGroup;
			children = (
				1D0DAE2B1B026D2F007E0A83 /* Info.plist */,
			);
			name = "Supporting Files";
			sourceTree = "<group>";
		};
		1D1686DE1B05E48E0017A78A /* MapViewController */ = {
			isa = PBXGroup;
			children = (
				1D2470781B28A580007B336A /* DDCalloutView.h */,
				1D2470791B28A580007B336A /* DDCalloutView.m */,
				1D0DAE171B026D2F007E0A83 /* MapViewController.h */,
				1D1686EB1B0826A40017A78A /* MapViewController.m */,
			);
			name = MapViewController;
			sourceTree = "<group>";
		};
		1D1686DF1B05E4A40017A78A /* CustomCell */ = {
			isa = PBXGroup;
			children = (
				1D1686DA1B05B6ED0017A78A /* PointTableViewCell.h */,
				1D1686DB1B05B6ED0017A78A /* PointTableViewCell.m */,
			);
			name = CustomCell;
			sourceTree = "<group>";
		};
		1D1686E61B07E6920017A78A /* Model */ = {
			isa = PBXGroup;
			children = (
				1DFC99941B22630C0049DE08 /* DDPoint.h */,
				1DFC99951B22630C0049DE08 /* DDPoint.m */,
				1D1686E31B07E68D0017A78A /* DDPointList.h */,
				1D1686E41B07E68D0017A78A /* DDPointList.m */,
				1D04480A1B2682FE00B529BF /* DDPoint+MKAnnotation.h */,
				1D04480B1B2682FE00B529BF /* DDPoint+MKAnnotation.m */,
			);
			name = Model;
			sourceTree = "<group>";
		};
		1D1686EA1B0804760017A78A /* ListViewController */ = {
			isa = PBXGroup;
			children = (
				1D1686DF1B05E4A40017A78A /* CustomCell */,
				1D1686E71B08046A0017A78A /* ListViewController.h */,
				1D1686E81B08046A0017A78A /* ListViewController.m */,
			);
			name = ListViewController;
			sourceTree = "<group>";
		};
		1DFC99841B225B7F0049DE08 /* CoreDataHelper */ = {
			isa = PBXGroup;
			children = (
				1DFC99811B225B7B0049DE08 /* CoreDataHelper.h */,
				1DFC99821B225B7B0049DE08 /* CoreDataHelper.m */,
			);
			name = CoreDataHelper;
			sourceTree = "<group>";
		};
/* End PBXGroup section */

/* Begin PBXNativeTarget section */
		1D0DAE0C1B026D2F007E0A83 /* MapLesson */ = {
			isa = PBXNativeTarget;
			buildConfigurationList = 1D0DAE301B026D2F007E0A83 /* Build configuration list for PBXNativeTarget "MapLesson" */;
			buildPhases = (
				1D0DAE091B026D2F007E0A83 /* Sources */,
				1D0DAE0A1B026D2F007E0A83 /* Frameworks */,
				1D0DAE0B1B026D2F007E0A83 /* Resources */,
			);
			buildRules = (
			);
			dependencies = (
			);
			name = MapLesson;
			productName = MapLesson;
			productReference = 1D0DAE0D1B026D2F007E0A83 /* MapLesson.app */;
			productType = "com.apple.product-type.application";
		};
		1D0DAE251B026D2F007E0A83 /* MapLessonTests */ = {
			isa = PBXNativeTarget;
			buildConfigurationList = 1D0DAE331B026D2F007E0A83 /* Build configuration list for PBXNativeTarget "MapLessonTests" */;
			buildPhases = (
				1D0DAE221B026D2F007E0A83 /* Sources */,
				1D0DAE231B026D2F007E0A83 /* Frameworks */,
				1D0DAE241B026D2F007E0A83 /* Resources */,
			);
			buildRules = (
			);
			dependencies = (
				1D0DAE281B026D2F007E0A83 /* PBXTargetDependency */,
			);
			name = MapLessonTests;
			productName = MapLessonTests;
			productReference = 1D0DAE261B026D2F007E0A83 /* MapLessonTests.xctest */;
			productType = "com.apple.product-type.bundle.unit-test";
		};
/* End PBXNativeTarget section */

/* Begin PBXProject section */
		1D0DAE051B026D2F007E0A83 /* Project object */ = {
			isa = PBXProject;
			attributes = {
				LastUpgradeCheck = 0630;
				ORGANIZATIONNAME = "Dmitriy Dolotenko";
				TargetAttributes = {
					1D0DAE0C1B026D2F007E0A83 = {
						CreatedOnToolsVersion = 6.3.1;
					};
					1D0DAE251B026D2F007E0A83 = {
						CreatedOnToolsVersion = 6.3.1;
						TestTargetID = 1D0DAE0C1B026D2F007E0A83;
					};
				};
			};
			buildConfigurationList = 1D0DAE081B026D2F007E0A83 /* Build configuration list for PBXProject "MapLesson" */;
			compatibilityVersion = "Xcode 3.2";
			developmentRegion = English;
			hasScannedForEncodings = 0;
			knownRegions = (
				en,
				Base,
			);
			mainGroup = 1D0DAE041B026D2F007E0A83;
			productRefGroup = 1D0DAE0E1B026D2F007E0A83 /* Products */;
			projectDirPath = "";
			projectRoot = "";
			targets = (
				1D0DAE0C1B026D2F007E0A83 /* MapLesson */,
				1D0DAE251B026D2F007E0A83 /* MapLessonTests */,
			);
		};
/* End PBXProject section */

/* Begin PBXResourcesBuildPhase section */
		1D0DAE0B1B026D2F007E0A83 /* Resources */ = {
			isa = PBXResourcesBuildPhase;
			buildActionMask = 2147483647;
			files = (
				1D0DAE1C1B026D2F007E0A83 /* Main.storyboard in Resources */,
				1D0DAE211B026D2F007E0A83 /* LaunchScreen.xib in Resources */,
				1D0DAE1E1B026D2F007E0A83 /* Images.xcassets in Resources */,
			);
			runOnlyForDeploymentPostprocessing = 0;
		};
		1D0DAE241B026D2F007E0A83 /* Resources */ = {
			isa = PBXResourcesBuildPhase;
			buildActionMask = 2147483647;
			files = (
			);
			runOnlyForDeploymentPostprocessing = 0;
		};
/* End PBXResourcesBuildPhase section */

/* Begin PBXSourcesBuildPhase section */
		1D0DAE091B026D2F007E0A83 /* Sources */ = {
			isa = PBXSourcesBuildPhase;
			buildActionMask = 2147483647;
			files = (
				1D1686DC1B05B6ED0017A78A /* PointTableViewCell.m in Sources */,
				1DFC99961B22630C0049DE08 /* DDPoint.m in Sources */,
				1D1686E91B08046A0017A78A /* ListViewController.m in Sources */,
				1D0DAE161B026D2F007E0A83 /* AppDelegate.m in Sources */,
				1DFC99871B225BBA0049DE08 /* Model.xcdatamodeld in Sources */,
				1D04480C1B2682FE00B529BF /* DDPoint+MKAnnotation.m in Sources */,
				1D24707A1B28A580007B336A /* DDCalloutView.m in Sources */,
				1D1686EC1B0826A40017A78A /* MapViewController.m in Sources */,
				1D1686E51B07E68D0017A78A /* DDPointList.m in Sources */,
				1D0DAE131B026D2F007E0A83 /* main.m in Sources */,
				1DFC99831B225B7B0049DE08 /* CoreDataHelper.m in Sources */,
			);
			runOnlyForDeploymentPostprocessing = 0;
		};
		1D0DAE221B026D2F007E0A83 /* Sources */ = {
			isa = PBXSourcesBuildPhase;
			buildActionMask = 2147483647;
			files = (
				1D0DAE2D1B026D2F007E0A83 /* MapLessonTests.m in Sources */,
			);
			runOnlyForDeploymentPostprocessing = 0;
		};
/* End PBXSourcesBuildPhase section */

/* Begin PBXTargetDependency section */
		1D0DAE281B026D2F007E0A83 /* PBXTargetDependency */ = {
			isa = PBXTargetDependency;
			target = 1D0DAE0C1B026D2F007E0A83 /* MapLesson */;
			targetProxy = 1D0DAE271B026D2F007E0A83 /* PBXContainerItemProxy */;
		};
/* End PBXTargetDependency section */

/* Begin PBXVariantGroup section */
		1D0DAE1A1B026D2F007E0A83 /* Main.storyboard */ = {
			isa = PBXVariantGroup;
			children = (
				1D0DAE1B1B026D2F007E0A83 /* Base */,
			);
			name = Main.storyboard;
			sourceTree = "<group>";
		};
		1D0DAE1F1B026D2F007E0A83 /* LaunchScreen.xib */ = {
			isa = PBXVariantGroup;
			children = (
				1D0DAE201B026D2F007E0A83 /* Base */,
			);
			name = LaunchScreen.xib;
			sourceTree = "<group>";
		};
/* End PBXVariantGroup section */

/* Begin XCBuildConfiguration section */
		1D0DAE2E1B026D2F007E0A83 /* Debug */ = {
			isa = XCBuildConfiguration;
			buildSettings = {
				ALWAYS_SEARCH_USER_PATHS = NO;
				CLANG_CXX_LANGUAGE_STANDARD = "gnu++0x";
				CLANG_CXX_LIBRARY = "libc++";
				CLANG_ENABLE_MODULES = YES;
				CLANG_ENABLE_OBJC_ARC = YES;
				CLANG_WARN_BOOL_CONVERSION = YES;
				CLANG_WARN_CONSTANT_CONVERSION = YES;
				CLANG_WARN_DIRECT_OBJC_ISA_USAGE = YES_ERROR;
				CLANG_WARN_EMPTY_BODY = YES;
				CLANG_WARN_ENUM_CONVERSION = YES;
				CLANG_WARN_INT_CONVERSION = YES;
				CLANG_WARN_OBJC_ROOT_CLASS = YES_ERROR;
				CLANG_WARN_UNREACHABLE_CODE = YES;
				CLANG_WARN__DUPLICATE_METHOD_MATCH = YES;
				"CODE_SIGN_IDENTITY[sdk=iphoneos*]" = "iPhone Developer";
				COPY_PHASE_STRIP = NO;
				DEBUG_INFORMATION_FORMAT = "dwarf-with-dsym";
				ENABLE_STRICT_OBJC_MSGSEND = YES;
				GCC_C_LANGUAGE_STANDARD = gnu99;
				GCC_DYNAMIC_NO_PIC = NO;
				GCC_NO_COMMON_BLOCKS = YES;
				GCC_OPTIMIZATION_LEVEL = 0;
				GCC_PREPROCESSOR_DEFINITIONS = (
					"DEBUG=1",
					"$(inherited)",
				);
				GCC_SYMBOLS_PRIVATE_EXTERN = NO;
				GCC_WARN_64_TO_32_BIT_CONVERSION = YES;
				GCC_WARN_ABOUT_RETURN_TYPE = YES_ERROR;
				GCC_WARN_UNDECLARED_SELECTOR = YES;
				GCC_WARN_UNINITIALIZED_AUTOS = YES_AGGRESSIVE;
				GCC_WARN_UNUSED_FUNCTION = YES;
				GCC_WARN_UNUSED_VARIABLE = YES;
				IPHONEOS_DEPLOYMENT_TARGET = 8.2;
				MTL_ENABLE_DEBUG_INFO = YES;
				ONLY_ACTIVE_ARCH = YES;
				SDKROOT = iphoneos;
				TARGETED_DEVICE_FAMILY = "1,2";
			};
			name = Debug;
		};
		1D0DAE2F1B026D2F007E0A83 /* Release */ = {
			isa = XCBuildConfiguration;
			buildSettings = {
				ALWAYS_SEARCH_USER_PATHS = NO;
				CLANG_CXX_LANGUAGE_STANDARD = "gnu++0x";
				CLANG_CXX_LIBRARY = "libc++";
				CLANG_ENABLE_MODULES = YES;
				CLANG_ENABLE_OBJC_ARC = YES;
				CLANG_WARN_BOOL_CONVERSION = YES;
				CLANG_WARN_CONSTANT_CONVERSION = YES;
				CLANG_WARN_DIRECT_OBJC_ISA_USAGE = YES_ERROR;
				CLANG_WARN_EMPTY_BODY = YES;
				CLANG_WARN_ENUM_CONVERSION = YES;
				CLANG_WARN_INT_CONVERSION = YES;
				CLANG_WARN_OBJC_ROOT_CLASS = YES_ERROR;
				CLANG_WARN_UNREACHABLE_CODE = YES;
				CLANG_WARN__DUPLICATE_METHOD_MATCH = YES;
				"CODE_SIGN_IDENTITY[sdk=iphoneos*]" = "iPhone Developer";
				COPY_PHASE_STRIP = NO;
				DEBUG_INFORMATION_FORMAT = "dwarf-with-dsym";
				ENABLE_NS_ASSERTIONS = NO;
				ENABLE_STRICT_OBJC_MSGSEND = YES;
				GCC_C_LANGUAGE_STANDARD = gnu99;
				GCC_NO_COMMON_BLOCKS = YES;
				GCC_WARN_64_TO_32_BIT_CONVERSION = YES;
				GCC_WARN_ABOUT_RETURN_TYPE = YES_ERROR;
				GCC_WARN_UNDECLARED_SELECTOR = YES;
				GCC_WARN_UNINITIALIZED_AUTOS = YES_AGGRESSIVE;
				GCC_WARN_UNUSED_FUNCTION = YES;
				GCC_WARN_UNUSED_VARIABLE = YES;
				IPHONEOS_DEPLOYMENT_TARGET = 8.2;
				MTL_ENABLE_DEBUG_INFO = NO;
				SDKROOT = iphoneos;
				TARGETED_DEVICE_FAMILY = "1,2";
				VALIDATE_PRODUCT = YES;
			};
			name = Release;
		};
		1D0DAE311B026D2F007E0A83 /* Debug */ = {
			isa = XCBuildConfiguration;
			buildSettings = {
				ASSETCATALOG_COMPILER_APPICON_NAME = AppIcon;
				INFOPLIST_FILE = MapLesson/Info.plist;
				LD_RUNPATH_SEARCH_PATHS = "$(inherited) @executable_path/Frameworks";
				PRODUCT_NAME = "$(TARGET_NAME)";
			};
			name = Debug;
		};
		1D0DAE321B026D2F007E0A83 /* Release */ = {
			isa = XCBuildConfiguration;
			buildSettings = {
				ASSETCATALOG_COMPILER_APPICON_NAME = AppIcon;
				INFOPLIST_FILE = MapLesson/Info.plist;
				LD_RUNPATH_SEARCH_PATHS = "$(inherited) @executable_path/Frameworks";
				PRODUCT_NAME = "$(TARGET_NAME)";
			};
			name = Release;
		};
		1D0DAE341B026D2F007E0A83 /* Debug */ = {
			isa = XCBuildConfiguration;
			buildSettings = {
				BUNDLE_LOADER = "$(TEST_HOST)";
				FRAMEWORK_SEARCH_PATHS = (
					"$(SDKROOT)/Developer/Library/Frameworks",
					"$(inherited)",
				);
				GCC_PREPROCESSOR_DEFINITIONS = (
					"DEBUG=1",
					"$(inherited)",
				);
				INFOPLIST_FILE = MapLessonTests/Info.plist;
				LD_RUNPATH_SEARCH_PATHS = "$(inherited) @executable_path/Frameworks @loader_path/Frameworks";
				PRODUCT_NAME = "$(TARGET_NAME)";
				TEST_HOST = "$(BUILT_PRODUCTS_DIR)/MapLesson.app/MapLesson";
			};
			name = Debug;
		};
		1D0DAE351B026D2F007E0A83 /* Release */ = {
			isa = XCBuildConfiguration;
			buildSettings = {
				BUNDLE_LOADER = "$(TEST_HOST)";
				FRAMEWORK_SEARCH_PATHS = (
					"$(SDKROOT)/Developer/Library/Frameworks",
					"$(inherited)",
				);
				INFOPLIST_FILE = MapLessonTests/Info.plist;
				LD_RUNPATH_SEARCH_PATHS = "$(inherited) @executable_path/Frameworks @loader_path/Frameworks";
				PRODUCT_NAME = "$(TARGET_NAME)";
				TEST_HOST = "$(BUILT_PRODUCTS_DIR)/MapLesson.app/MapLesson";
			};
			name = Release;
		};
/* End XCBuildConfiguration section */

/* Begin XCConfigurationList section */
		1D0DAE081B026D2F007E0A83 /* Build configuration list for PBXProject "MapLesson" */ = {
			isa = XCConfigurationList;
			buildConfigurations = (
				1D0DAE2E1B026D2F007E0A83 /* Debug */,
				1D0DAE2F1B026D2F007E0A83 /* Release */,
			);
			defaultConfigurationIsVisible = 0;
			defaultConfigurationName = Release;
		};
		1D0DAE301B026D2F007E0A83 /* Build configuration list for PBXNativeTarget "MapLesson" */ = {
			isa = XCConfigurationList;
			buildConfigurations = (
				1D0DAE311B026D2F007E0A83 /* Debug */,
				1D0DAE321B026D2F007E0A83 /* Release */,
			);
			defaultConfigurationIsVisible = 0;
			defaultConfigurationName = Release;
		};
		1D0DAE331B026D2F007E0A83 /* Build configuration list for PBXNativeTarget "MapLessonTests" */ = {
			isa = XCConfigurationList;
			buildConfigurations = (
				1D0DAE341B026D2F007E0A83 /* Debug */,
				1D0DAE351B026D2F007E0A83 /* Release */,
			);
			defaultConfigurationIsVisible = 0;
			defaultConfigurationName = Release;
		};
/* End XCConfigurationList section */

/* Begin XCVersionGroup section */
		1DFC99851B225BBA0049DE08 /* Model.xcdatamodeld */ = {
			isa = XCVersionGroup;
			children = (
				1DFC99861B225BBA0049DE08 /* Model.xcdatamodel */,
			);
			currentVersion = 1DFC99861B225BBA0049DE08 /* Model.xcdatamodel */;
			path = Model.xcdatamodeld;
			sourceTree = "<group>";
			versionGroupType = wrapper.xcdatamodel;
		};
/* End XCVersionGroup section */
	};
	rootObject = 1D0DAE051B026D2F007E0A83 /* Project object */;
}
